// !$*UTF8*$!
{
	archiveVersion = 1;
	classes = {
	};
	objectVersion = 46;
	objects = {

/* Begin PBXBuildFile section */
		3CF37F991C735DF4005208BE /* main.m in Sources */ = {isa = PBXBuildFile; fileRef = 3CF37F981C735DF4005208BE /* main.m */; };
		3CF37F9C1C735DF4005208BE /* AppDelegate.m in Sources */ = {isa = PBXBuildFile; fileRef = 3CF37F9B1C735DF4005208BE /* AppDelegate.m */; };
		3CF37F9F1C735DF4005208BE /* ViewController.m in Sources */ = {isa = PBXBuildFile; fileRef = 3CF37F9E1C735DF4005208BE /* ViewController.m */; };
		3CF37FA21C735DF4005208BE /* Main.storyboard in Resources */ = {isa = PBXBuildFile; fileRef = 3CF37FA01C735DF4005208BE /* Main.storyboard */; };
		3CF37FA51C735DF5005208BE /* AddressBookWithContact.xcdatamodeld in Sources */ = {isa = PBXBuildFile; fileRef = 3CF37FA31C735DF5005208BE /* AddressBookWithContact.xcdatamodeld */; };
		3CF37FA71C735DF5005208BE /* Assets.xcassets in Resources */ = {isa = PBXBuildFile; fileRef = 3CF37FA61C735DF5005208BE /* Assets.xcassets */; };
		3CF37FAA1C735DF5005208BE /* LaunchScreen.storyboard in Resources */ = {isa = PBXBuildFile; fileRef = 3CF37FA81C735DF5005208BE /* LaunchScreen.storyboard */; };
/* End PBXBuildFile section */

/* Begin PBXFileReference section */
		3CF37F941C735DF4005208BE /* AddressBookWithContact.app */ = {isa = PBXFileReference; explicitFileType = wrapper.application; includeInIndex = 0; path = AddressBookWithContact.app; sourceTree = BUILT_PRODUCTS_DIR; };
		3CF37F981C735DF4005208BE /* main.m */ = {isa = PBXFileReference; lastKnownFileType = sourcecode.c.objc; path = main.m; sourceTree = "<group>"; };
		3CF37F9A1C735DF4005208BE /* AppDelegate.h */ = {isa = PBXFileReference; lastKnownFileType = sourcecode.c.h; path = AppDelegate.h; sourceTree = "<group>"; };
		3CF37F9B1C735DF4005208BE /* AppDelegate.m */ = {isa = PBXFileReference; lastKnownFileType = sourcecode.c.objc; path = AppDelegate.m; sourceTree = "<group>"; };
		3CF37F9D1C735DF4005208BE /* ViewController.h */ = {isa = PBXFileReference; lastKnownFileType = sourcecode.c.h; path = ViewController.h; sourceTree = "<group>"; };
		3CF37F9E1C735DF4005208BE /* ViewController.m */ = {isa = PBXFileReference; lastKnownFileType = sourcecode.c.objc; path = ViewController.m; sourceTree = "<group>"; };
		3CF37FA11C735DF4005208BE /* Base */ = {isa = PBXFileReference; lastKnownFileType = file.storyboard; name = Base; path = Base.lproj/Main.storyboard; sourceTree = "<group>"; };
		3CF37FA41C735DF5005208BE /* AddressBookWithContact.xcdatamodel */ = {isa = PBXFileReference; lastKnownFileType = wrapper.xcdatamodel; path = AddressBookWithContact.xcdatamodel; sourceTree = "<group>"; };
		3CF37FA61C735DF5005208BE /* Assets.xcassets */ = {isa = PBXFileReference; lastKnownFileType = folder.assetcatalog; path = Assets.xcassets; sourceTree = "<group>"; };
		3CF37FA91C735DF5005208BE /* Base */ = {isa = PBXFileReference; lastKnownFileType = file.storyboard; name = Base; path = Base.lproj/LaunchScreen.storyboard; sourceTree = "<group>"; };
		3CF37FAB1C735DF5005208BE /* Info.plist */ = {isa = PBXFileReference; lastKnownFileType = text.plist.xml; path = Info.plist; sourceTree = "<group>"; };
/* End PBXFileReference section */

/* Begin PBXFrameworksBuildPhase section */
		3CF37F911C735DF4005208BE /* Frameworks */ = {
			isa = PBXFrameworksBuildPhase;
			buildActionMask = 2147483647;
			files = (
			);
			runOnlyForDeploymentPostprocessing = 0;
		};
/* End PBXFrameworksBuildPhase section */

/* Begin PBXGroup section */
		3CF37F8B1C735DF4005208BE = {
			isa = PBXGroup;
			children = (
				3CF37F961C735DF4005208BE /* AddressBookWithContact */,
				3CF37F951C735DF4005208BE /* Products */,
			);
			sourceTree = "<group>";
		};
		3CF37F951C735DF4005208BE /* Products */ = {
			isa = PBXGroup;
			children = (
				3CF37F941C735DF4005208BE /* AddressBookWithContact.app */,
			);
			name = Products;
			sourceTree = "<group>";
		};
		3CF37F961C735DF4005208BE /* AddressBookWithContact */ = {
			isa = PBXGroup;
			children = (
				3CF37F9A1C735DF4005208BE /* AppDelegate.h */,
				3CF37F9B1C735DF4005208BE /* AppDelegate.m */,
				3CF37F9D1C735DF4005208BE /* ViewController.h */,
				3CF37F9E1C735DF4005208BE /* ViewController.m */,
				3CF37FA01C735DF4005208BE /* Main.storyboard */,
				3CF37FA61C735DF5005208BE /* Assets.xcassets */,
				3CF37FA81C735DF5005208BE /* LaunchScreen.storyboard */,
				3CF37FAB1C735DF5005208BE /* Info.plist */,
				3CF37FA31C735DF5005208BE /* AddressBookWithContact.xcdatamodeld */,
				3CF37F971C735DF4005208BE /* Supporting Files */,
			);
			path = AddressBookWithContact;
			sourceTree = "<group>";
		};
		3CF37F971C735DF4005208BE /* Supporting Files */ = {
			isa = PBXGroup;
			children = (
				3CF37F981C735DF4005208BE /* main.m */,
			);
			name = "Supporting Files";
			sourceTree = "<group>";
		};
/* End PBXGroup section */

/* Begin PBXNativeTarget section */
		3CF37F931C735DF4005208BE /* AddressBookWithContact */ = {
			isa = PBXNativeTarget;
			buildConfigurationList = 3CF37FAE1C735DF5005208BE /* Build configuration list for PBXNativeTarget "AddressBookWithContact" */;
			buildPhases = (
				3CF37F901C735DF4005208BE /* Sources */,
				3CF37F911C735DF4005208BE /* Frameworks */,
				3CF37F921C735DF4005208BE /* Resources */,
			);
			buildRules = (
			);
			dependencies = (
			);
			name = AddressBookWithContact;
			productName = AddressBookWithContact;
			productReference = 3CF37F941C735DF4005208BE /* AddressBookWithContact.app */;
			productType = "com.apple.product-type.application";
		};
/* End PBXNativeTarget section */

/* Begin PBXProject section */
		3CF37F8C1C735DF4005208BE /* Project object */ = {
			isa = PBXProject;
			attributes = {
				LastUpgradeCheck = 0700;
				ORGANIZATIONNAME = shared;
				TargetAttributes = {
					3CF37F931C735DF4005208BE = {
						CreatedOnToolsVersion = 7.0;
					};
				};
			};
			buildConfigurationList = 3CF37F8F1C735DF4005208BE /* Build configuration list for PBXProject "AddressBookWithContact" */;
			compatibilityVersion = "Xcode 3.2";
			developmentRegion = English;
			hasScannedForEncodings = 0;
			knownRegions = (
				en,
				Base,
			);
			mainGroup = 3CF37F8B1C735DF4005208BE;
			productRefGroup = 3CF37F951C735DF4005208BE /* Products */;
			projectDirPath = "";
			projectRoot = "";
			targets = (
				3CF37F931C735DF4005208BE /* AddressBookWithContact */,
			);
		};
/* End PBXProject section */

/* Begin PBXResourcesBuildPhase section */
		3CF37F921C735DF4005208BE /* Resources */ = {
			isa = PBXResourcesBuildPhase;
			buildActionMask = 2147483647;
			files = (
				3CF37FAA1C735DF5005208BE /* LaunchScreen.storyboard in Resources */,
				3CF37FA71C735DF5005208BE /* Assets.xcassets in Resources */,
				3CF37FA21C735DF4005208BE /* Main.storyboard in Resources */,
			);
			runOnlyForDeploymentPostprocessing = 0;
		};
/* End PBXResourcesBuildPhase section */

/* Begin PBXSourcesBuildPhase section */
		3CF37F901C735DF4005208BE /* Sources */ = {
			isa = PBXSourcesBuildPhase;
			buildActionMask = 2147483647;
			files = (
				3CF37FA51C735DF5005208BE /* AddressBookWithContact.xcdatamodeld in Sources */,
				3CF37F9F1C735DF4005208BE /* ViewController.m in Sources */,
				3CF37F9C1C735DF4005208BE /* AppDelegate.m in Sources */,
				3CF37F991C735DF4005208BE /* main.m in Sources */,
			);
			runOnlyForDeploymentPostprocessing = 0;
		};
/* End PBXSourcesBuildPhase section */

/* Begin PBXVariantGroup section */
		3CF37FA01C735DF4005208BE /* Main.storyboard */ = {
			isa = PBXVariantGroup;
			children = (
				3CF37FA11C735DF4005208BE /* Base */,
			);
			name = Main.storyboard;
			sourceTree = "<group>";
		};
		3CF37FA81C735DF5005208BE /* LaunchScreen.storyboard */ = {
			isa = PBXVariantGroup;
			children = (
				3CF37FA91C735DF5005208BE /* Base */,
			);
			name = LaunchScreen.storyboard;
			sourceTree = "<group>";
		};
/* End PBXVariantGroup section */

/* Begin XCBuildConfiguration section */
		3CF37FAC1C735DF5005208BE /* Debug */ = {
			isa = XCBuildConfiguration;
			buildSettings = {
				ALWAYS_SEARCH_USER_PATHS = NO;
				CLANG_CXX_LANGUAGE_STANDARD = "gnu++0x";
				CLANG_CXX_LIBRARY = "libc++";
				CLANG_ENABLE_MODULES = YES;
				CLANG_ENABLE_OBJC_ARC = YES;
				CLANG_WARN_BOOL_CONVERSION = YES;
				CLANG_WARN_CONSTANT_CONVERSION = YES;
				CLANG_WARN_DIRECT_OBJC_ISA_USAGE = YES_ERROR;
				CLANG_WARN_EMPTY_BODY = YES;
				CLANG_WARN_ENUM_CONVERSION = YES;
				CLANG_WARN_INT_CONVERSION = YES;
				CLANG_WARN_OBJC_ROOT_CLASS = YES_ERROR;
				CLANG_WARN_UNREACHABLE_CODE = YES;
				CLANG_WARN__DUPLICATE_METHOD_MATCH = YES;
				CODE_SIGN_IDENTITY = "iPhone Distribution: VCARD PTE LTD (4PG844587X)";
				"CODE_SIGN_IDENTITY[sdk=iphoneos*]" = "iPhone Distribution: VCARD PTE LTD (4PG844587X)";
				COPY_PHASE_STRIP = NO;
				DEBUG_INFORMATION_FORMAT = dwarf;
				ENABLE_STRICT_OBJC_MSGSEND = YES;
				ENABLE_TESTABILITY = YES;
				GCC_C_LANGUAGE_STANDARD = gnu99;
				GCC_DYNAMIC_NO_PIC = NO;
				GCC_NO_COMMON_BLOCKS = YES;
				GCC_OPTIMIZATION_LEVEL = 0;
				GCC_PREPROCESSOR_DEFINITIONS = (
					"DEBUG=1",
					"$(inherited)",
				);
				GCC_WARN_64_TO_32_BIT_CONVERSION = YES;
				GCC_WARN_ABOUT_RETURN_TYPE = YES_ERROR;
				GCC_WARN_UNDECLARED_SELECTOR = YES;
				GCC_WARN_UNINITIALIZED_AUTOS = YES_AGGRESSIVE;
				GCC_WARN_UNUSED_FUNCTION = YES;
				GCC_WARN_UNUSED_VARIABLE = YES;
				IPHONEOS_DEPLOYMENT_TARGET = 9.0;
				MTL_ENABLE_DEBUG_INFO = YES;
				ONLY_ACTIVE_ARCH = YES;
				PROVISIONING_PROFILE = "c6f20474-948f-463e-8356-b803045dbb58";
				SDKROOT = iphoneos;
				TARGETED_DEVICE_FAMILY = "1,2";
			};
			name = Debug;
		};
		3CF37FAD1C735DF5005208BE /* Release */ = {
			isa = XCBuildConfiguration;
			buildSettings = {
				ALWAYS_SEARCH_USER_PATHS = NO;
				CLANG_CXX_LANGUAGE_STANDARD = "gnu++0x";
				CLANG_CXX_LIBRARY = "libc++";
				CLANG_ENABLE_MODULES = YES;
				CLANG_ENABLE_OBJC_ARC = YES;
				CLANG_WARN_BOOL_CONVERSION = YES;
				CLANG_WARN_CONSTANT_CONVERSION = YES;
				CLANG_WARN_DIRECT_OBJC_ISA_USAGE = YES_ERROR;
				CLANG_WARN_EMPTY_BODY = YES;
				CLANG_WARN_ENUM_CONVERSION = YES;
				CLANG_WARN_INT_CONVERSION = YES;
				CLANG_WARN_OBJC_ROOT_CLASS = YES_ERROR;
				CLANG_WARN_UNREACHABLE_CODE = YES;
				CLANG_WARN__DUPLICATE_METHOD_MATCH = YES;
				CODE_SIGN_IDENTITY = "iPhone Distribution: VCARD PTE LTD (4PG844587X)";
				"CODE_SIGN_IDENTITY[sdk=iphoneos*]" = "iPhone Distribution: VCARD PTE LTD (4PG844587X)";
				COPY_PHASE_STRIP = NO;
				DEBUG_INFORMATION_FORMAT = "dwarf-with-dsym";
				ENABLE_NS_ASSERTIONS = NO;
				ENABLE_STRICT_OBJC_MSGSEND = YES;
				GCC_C_LANGUAGE_STANDARD = gnu99;
				GCC_NO_COMMON_BLOCKS = YES;
				GCC_WARN_64_TO_32_BIT_CONVERSION = YES;
				GCC_WARN_ABOUT_RETURN_TYPE = YES_ERROR;
				GCC_WARN_UNDECLARED_SELECTOR = YES;
				GCC_WARN_UNINITIALIZED_AUTOS = YES_AGGRESSIVE;
				GCC_WARN_UNUSED_FUNCTION = YES;
				GCC_WARN_UNUSED_VARIABLE = YES;
				IPHONEOS_DEPLOYMENT_TARGET = 9.0;
				MTL_ENABLE_DEBUG_INFO = NO;
				PROVISIONING_PROFILE = "c6f20474-948f-463e-8356-b803045dbb58";
				SDKROOT = iphoneos;
				TARGETED_DEVICE_FAMILY = "1,2";
				VALIDATE_PRODUCT = YES;
			};
			name = Release;
		};
		3CF37FAF1C735DF5005208BE /* Debug */ = {
			isa = XCBuildConfiguration;
			buildSettings = {
				ASSETCATALOG_COMPILER_APPICON_NAME = AppIcon;
				CODE_SIGN_IDENTITY = "iPhone Distribution: VCARD PTE LTD (4PG844587X)";
				INFOPLIST_FILE = AddressBookWithContact/Info.plist;
				LD_RUNPATH_SEARCH_PATHS = "$(inherited) @executable_path/Frameworks";
				PRODUCT_BUNDLE_IDENTIFIER = com.vcard.app;
				PRODUCT_NAME = "$(TARGET_NAME)";
				PROVISIONING_PROFILE = "c6f20474-948f-463e-8356-b803045dbb58";
			};
			name = Debug;
		};
		3CF37FB01C735DF5005208BE /* Release */ = {
			isa = XCBuildConfiguration;
			buildSettings = {
				ASSETCATALOG_COMPILER_APPICON_NAME = AppIcon;
				CODE_SIGN_IDENTITY = "iPhone Distribution: VCARD PTE LTD (4PG844587X)";
				"CODE_SIGN_IDENTITY[sdk=iphoneos*]" = "iPhone Distribution: VCARD PTE LTD (4PG844587X)";
				INFOPLIST_FILE = AddressBookWithContact/Info.plist;
				LD_RUNPATH_SEARCH_PATHS = "$(inherited) @executable_path/Frameworks";
				PRODUCT_BUNDLE_IDENTIFIER = com.vcard.app;
				PRODUCT_NAME = "$(TARGET_NAME)";
				PROVISIONING_PROFILE = "c6f20474-948f-463e-8356-b803045dbb58";
			};
			name = Release;
		};
/* End XCBuildConfiguration section */

/* Begin XCConfigurationList section */
		3CF37F8F1C735DF4005208BE /* Build configuration list for PBXProject "AddressBookWithContact" */ = {
			isa = XCConfigurationList;
			buildConfigurations = (
				3CF37FAC1C735DF5005208BE /* Debug */,
				3CF37FAD1C735DF5005208BE /* Release */,
			);
			defaultConfigurationIsVisible = 0;
			defaultConfigurationName = Release;
		};
		3CF37FAE1C735DF5005208BE /* Build configuration list for PBXNativeTarget "AddressBookWithContact" */ = {
			isa = XCConfigurationList;
			buildConfigurations = (
				3CF37FAF1C735DF5005208BE /* Debug */,
				3CF37FB01C735DF5005208BE /* Release */,
			);
			defaultConfigurationIsVisible = 0;
			defaultConfigurationName = Release;
		};
/* End XCConfigurationList section */

/* Begin XCVersionGroup section */
		3CF37FA31C735DF5005208BE /* AddressBookWithContact.xcdatamodeld */ = {
			isa = XCVersionGroup;
			children = (
				3CF37FA41C735DF5005208BE /* AddressBookWithContact.xcdatamodel */,
			);
			currentVersion = 3CF37FA41C735DF5005208BE /* AddressBookWithContact.xcdatamodel */;
			path = AddressBookWithContact.xcdatamodeld;
			sourceTree = "<group>";
			versionGroupType = wrapper.xcdatamodel;
		};
/* End XCVersionGroup section */
	};
	rootObject = 3CF37F8C1C735DF4005208BE /* Project object */;
}
